
Microsoft Visual Studio Solution File, Format Version 12.00
# Visual Studio Version 17
VisualStudioVersion = 17.3.32901.215
MinimumVisualStudioVersion = 10.0.40219.1
Project("{FAE04EC0-301F-11D3-BF4B-00C04F79EFBC}") = "AzureTest204SQL", "AzureTest204SQL\AzureTest204SQL.csproj", "{15DADA9D-B833-4E2B-8FC8-E79C4C03BFFA}"
EndProject
Global
	GlobalSection(SolutionConfigurationPlatforms) = preSolution
		Debug|Any CPU = Debug|Any CPU
		Release|Any CPU = Release|Any CPU
	EndGlobalSection
	GlobalSection(ProjectConfigurationPlatforms) = postSolution
		{15DADA9D-B833-4E2B-8FC8-E79C4C03BFFA}.Debug|Any CPU.ActiveCfg = Debug|Any CPU
		{15DADA9D-B833-4E2B-8FC8-E79C4C03BFFA}.Debug|Any CPU.Build.0 = Debug|Any CPU
		{15DADA9D-B833-4E2B-8FC8-E79C4C03BFFA}.Release|Any CPU.ActiveCfg = Release|Any CPU
		{15DADA9D-B833-4E2B-8FC8-E79C4C03BFFA}.Release|Any CPU.Build.0 = Release|Any CPU
	EndGlobalSection
	GlobalSection(SolutionProperties) = preSolution
		HideSolutionNode = FALSE
	EndGlobalSection
	GlobalSection(ExtensibilityGlobals) = postSolution
		SolutionGuid = {90611E99-C109-46C3-B274-9228186D2448}
	EndGlobalSection
EndGlobal
